
Microsoft Visual Studio Solution File, Format Version 12.00
# Visual Studio Version 17
VisualStudioVersion = 17.14.36414.22 d17.14
MinimumVisualStudioVersion = 10.0.40219.1
Project("{8BC9CEB8-8B4A-11D0-8D11-00A0C91BC942}") = "Ch15 Inheritance Polymorphism and Virtual Functions", "Ch15 Inheritance Polymorphism and Virtual Functions\Ch15 Inheritance Polymorphism and Virtual Functions.vcxproj", "{44316F97-19B8-4BE2-BD58-3CA0C4873247}"
EndProject
Global
	GlobalSection(SolutionConfigurationPlatforms) = preSolution
		Debug|x64 = Debug|x64
		Debug|x86 = Debug|x86
		Release|x64 = Release|x64
		Release|x86 = Release|x86
	EndGlobalSection
	GlobalSection(ProjectConfigurationPlatforms) = postSolution
		{44316F97-19B8-4BE2-BD58-3CA0C4873247}.Debug|x64.ActiveCfg = Debug|x64
		{44316F97-19B8-4BE2-BD58-3CA0C4873247}.Debug|x64.Build.0 = Debug|x64
		{44316F97-19B8-4BE2-BD58-3CA0C4873247}.Debug|x86.ActiveCfg = Debug|Win32
		{44316F97-19B8-4BE2-BD58-3CA0C4873247}.Debug|x86.Build.0 = Debug|Win32
		{44316F97-19B8-4BE2-BD58-3CA0C4873247}.Release|x64.ActiveCfg = Release|x64
		{44316F97-19B8-4BE2-BD58-3CA0C4873247}.Release|x64.Build.0 = Release|x64
		{44316F97-19B8-4BE2-BD58-3CA0C4873247}.Release|x86.ActiveCfg = Release|Win32
		{44316F97-19B8-4BE2-BD58-3CA0C4873247}.Release|x86.Build.0 = Release|Win32
	EndGlobalSection
	GlobalSection(SolutionProperties) = preSolution
		HideSolutionNode = FALSE
	EndGlobalSection
	GlobalSection(ExtensibilityGlobals) = postSolution
		SolutionGuid = {DA2B032B-F9F0-42E3-AE3C-403D988D4371}
	EndGlobalSection
EndGlobal
